// !$*UTF8*$!
{
	archiveVersion = 1;
	classes = {
	};
	objectVersion = 77;
	objects = {

/* Begin PBXBuildFile section */
		BD24AF542D3F1EF100C03E0A /* SQLite in Frameworks */ = {isa = PBXBuildFile; productRef = BD24AF532D3F1EF100C03E0A /* SQLite */; };
		BD24AF5C2D3F3A2300C03E0A /* WidgetKit.framework in Frameworks */ = {isa = PBXBuildFile; fileRef = BD24AF5B2D3F3A2300C03E0A /* WidgetKit.framework */; };
		BD24AF5E2D3F3A2300C03E0A /* SwiftUI.framework in Frameworks */ = {isa = PBXBuildFile; fileRef = BD24AF5D2D3F3A2300C03E0A /* SwiftUI.framework */; };
		BD24AF6D2D3F3A2700C03E0A /* WordOfTheDay WidgetExtension.appex in Embed Foundation Extensions */ = {isa = PBXBuildFile; fileRef = BD24AF592D3F3A2300C03E0A /* WordOfTheDay WidgetExtension.appex */; settings = {ATTRIBUTES = (RemoveHeadersOnCopy, ); }; };
		BD24AF822D3F3A7100C03E0A /* SharedDictionary.framework in Frameworks */ = {isa = PBXBuildFile; fileRef = BD24AF782D3F3A7000C03E0A /* SharedDictionary.framework */; };
		BD24AF8D2D3F3A7100C03E0A /* SharedDictionary.framework in Frameworks */ = {isa = PBXBuildFile; fileRef = BD24AF782D3F3A7000C03E0A /* SharedDictionary.framework */; };
		BD24AF8E2D3F3A7100C03E0A /* SharedDictionary.framework in Embed Frameworks */ = {isa = PBXBuildFile; fileRef = BD24AF782D3F3A7000C03E0A /* SharedDictionary.framework */; settings = {ATTRIBUTES = (CodeSignOnCopy, RemoveHeadersOnCopy, ); }; };
		BD24AFA22D3F3EED00C03E0A /* SharedDictionary.framework in Frameworks */ = {isa = PBXBuildFile; fileRef = BD24AF782D3F3A7000C03E0A /* SharedDictionary.framework */; };
		BD24AFA32D3F3EED00C03E0A /* SharedDictionary.framework in Embed Frameworks */ = {isa = PBXBuildFile; fileRef = BD24AF782D3F3A7000C03E0A /* SharedDictionary.framework */; settings = {ATTRIBUTES = (CodeSignOnCopy, RemoveHeadersOnCopy, ); }; };
		BD24AFA82D3F3F8D00C03E0A /* SQLite in Frameworks */ = {isa = PBXBuildFile; productRef = BD24AFA72D3F3F8D00C03E0A /* SQLite */; };
/* End PBXBuildFile section */

/* Begin PBXContainerItemProxy section */
		BD24AF6B2D3F3A2700C03E0A /* PBXContainerItemProxy */ = {
			isa = PBXContainerItemProxy;
			containerPortal = BD543A532D35B03F00A4E217 /* Project object */;
			proxyType = 1;
			remoteGlobalIDString = BD24AF582D3F3A2300C03E0A;
			remoteInfo = "WordOfTheDay WidgetExtension";
		};
		BD24AF832D3F3A7100C03E0A /* PBXContainerItemProxy */ = {
			isa = PBXContainerItemProxy;
			containerPortal = BD543A532D35B03F00A4E217 /* Project object */;
			proxyType = 1;
			remoteGlobalIDString = BD24AF772D3F3A7000C03E0A;
			remoteInfo = SharedDictionary;
		};
		BD24AF852D3F3A7100C03E0A /* PBXContainerItemProxy */ = {
			isa = PBXContainerItemProxy;
			containerPortal = BD543A532D35B03F00A4E217 /* Project object */;
			proxyType = 1;
			remoteGlobalIDString = BD543A5A2D35B03F00A4E217;
			remoteInfo = serbDictionary;
		};
		BD24AF8B2D3F3A7100C03E0A /* PBXContainerItemProxy */ = {
			isa = PBXContainerItemProxy;
			containerPortal = BD543A532D35B03F00A4E217 /* Project object */;
			proxyType = 1;
			remoteGlobalIDString = BD24AF772D3F3A7000C03E0A;
			remoteInfo = SharedDictionary;
		};
		BD24AFA42D3F3EED00C03E0A /* PBXContainerItemProxy */ = {
			isa = PBXContainerItemProxy;
			containerPortal = BD543A532D35B03F00A4E217 /* Project object */;
			proxyType = 1;
			remoteGlobalIDString = BD24AF772D3F3A7000C03E0A;
			remoteInfo = SharedDictionary;
		};
		BD543A6C2D35B04200A4E217 /* PBXContainerItemProxy */ = {
			isa = PBXContainerItemProxy;
			containerPortal = BD543A532D35B03F00A4E217 /* Project object */;
			proxyType = 1;
			remoteGlobalIDString = BD543A5A2D35B03F00A4E217;
			remoteInfo = serbDictionary;
		};
		BD543A762D35B04200A4E217 /* PBXContainerItemProxy */ = {
			isa = PBXContainerItemProxy;
			containerPortal = BD543A532D35B03F00A4E217 /* Project object */;
			proxyType = 1;
			remoteGlobalIDString = BD543A5A2D35B03F00A4E217;
			remoteInfo = serbDictionary;
		};
/* End PBXContainerItemProxy section */

/* Begin PBXCopyFilesBuildPhase section */
		BD24AF722D3F3A2700C03E0A /* Embed Foundation Extensions */ = {
			isa = PBXCopyFilesBuildPhase;
			buildActionMask = 2147483647;
			dstPath = "";
			dstSubfolderSpec = 13;
			files = (
				BD24AF6D2D3F3A2700C03E0A /* WordOfTheDay WidgetExtension.appex in Embed Foundation Extensions */,
			);
			name = "Embed Foundation Extensions";
			runOnlyForDeploymentPostprocessing = 0;
		};
		BD24AF932D3F3A7100C03E0A /* Embed Frameworks */ = {
			isa = PBXCopyFilesBuildPhase;
			buildActionMask = 2147483647;
			dstPath = "";
			dstSubfolderSpec = 10;
			files = (
				BD24AF8E2D3F3A7100C03E0A /* SharedDictionary.framework in Embed Frameworks */,
			);
			name = "Embed Frameworks";
			runOnlyForDeploymentPostprocessing = 0;
		};
		BD24AFA62D3F3EED00C03E0A /* Embed Frameworks */ = {
			isa = PBXCopyFilesBuildPhase;
			buildActionMask = 2147483647;
			dstPath = "";
			dstSubfolderSpec = 10;
			files = (
				BD24AFA32D3F3EED00C03E0A /* SharedDictionary.framework in Embed Frameworks */,
			);
			name = "Embed Frameworks";
			runOnlyForDeploymentPostprocessing = 0;
		};
/* End PBXCopyFilesBuildPhase section */

/* Begin PBXFileReference section */
		BD24AF592D3F3A2300C03E0A /* WordOfTheDay WidgetExtension.appex */ = {isa = PBXFileReference; explicitFileType = "wrapper.app-extension"; includeInIndex = 0; path = "WordOfTheDay WidgetExtension.appex"; sourceTree = BUILT_PRODUCTS_DIR; };
		BD24AF5B2D3F3A2300C03E0A /* WidgetKit.framework */ = {isa = PBXFileReference; lastKnownFileType = wrapper.framework; name = WidgetKit.framework; path = System/Library/Frameworks/WidgetKit.framework; sourceTree = SDKROOT; };
		BD24AF5D2D3F3A2300C03E0A /* SwiftUI.framework */ = {isa = PBXFileReference; lastKnownFileType = wrapper.framework; name = SwiftUI.framework; path = System/Library/Frameworks/SwiftUI.framework; sourceTree = SDKROOT; };
		BD24AF782D3F3A7000C03E0A /* SharedDictionary.framework */ = {isa = PBXFileReference; explicitFileType = wrapper.framework; includeInIndex = 0; path = SharedDictionary.framework; sourceTree = BUILT_PRODUCTS_DIR; };
		BD24AF812D3F3A7100C03E0A /* SharedDictionaryTests.xctest */ = {isa = PBXFileReference; explicitFileType = wrapper.cfbundle; includeInIndex = 0; path = SharedDictionaryTests.xctest; sourceTree = BUILT_PRODUCTS_DIR; };
		BD24AFAB2D3F41DC00C03E0A /* WordOfTheDay WidgetExtension.entitlements */ = {isa = PBXFileReference; lastKnownFileType = text.plist.entitlements; path = "WordOfTheDay WidgetExtension.entitlements"; sourceTree = "<group>"; };
		BD543A5B2D35B03F00A4E217 /* serbDictionary.app */ = {isa = PBXFileReference; explicitFileType = wrapper.application; includeInIndex = 0; path = serbDictionary.app; sourceTree = BUILT_PRODUCTS_DIR; };
		BD543A6B2D35B04200A4E217 /* serbDictionaryTests.xctest */ = {isa = PBXFileReference; explicitFileType = wrapper.cfbundle; includeInIndex = 0; path = serbDictionaryTests.xctest; sourceTree = BUILT_PRODUCTS_DIR; };
		BD543A752D35B04200A4E217 /* serbDictionaryUITests.xctest */ = {isa = PBXFileReference; explicitFileType = wrapper.cfbundle; includeInIndex = 0; path = serbDictionaryUITests.xctest; sourceTree = BUILT_PRODUCTS_DIR; };
/* End PBXFileReference section */

/* Begin PBXFileSystemSynchronizedBuildFileExceptionSet section */
		BD24AF6E2D3F3A2700C03E0A /* Exceptions for "WordOfTheDay Widget" folder in "WordOfTheDay WidgetExtension" target */ = {
			isa = PBXFileSystemSynchronizedBuildFileExceptionSet;
			membershipExceptions = (
				Info.plist,
			);
			target = BD24AF582D3F3A2300C03E0A /* WordOfTheDay WidgetExtension */;
		};
		BD24AF8F2D3F3A7100C03E0A /* Exceptions for "SharedDictionary" folder in "SharedDictionary" target */ = {
			isa = PBXFileSystemSynchronizedBuildFileExceptionSet;
			publicHeaders = (
				SharedDictionary.h,
			);
			target = BD24AF772D3F3A7000C03E0A /* SharedDictionary */;
		};
		BD24AFAA2D3F405F00C03E0A /* Exceptions for "serbDictionary" folder in "SharedDictionary" target */ = {
			isa = PBXFileSystemSynchronizedBuildFileExceptionSet;
			membershipExceptions = (
				dictionary.db,
			);
			target = BD24AF772D3F3A7000C03E0A /* SharedDictionary */;
		};
/* End PBXFileSystemSynchronizedBuildFileExceptionSet section */

/* Begin PBXFileSystemSynchronizedRootGroup section */
		BD24AF5F2D3F3A2300C03E0A /* WordOfTheDay Widget */ = {
			isa = PBXFileSystemSynchronizedRootGroup;
			exceptions = (
				BD24AF6E2D3F3A2700C03E0A /* Exceptions for "WordOfTheDay Widget" folder in "WordOfTheDay WidgetExtension" target */,
			);
			path = "WordOfTheDay Widget";
			sourceTree = "<group>";
		};
		BD24AF792D3F3A7000C03E0A /* SharedDictionary */ = {
			isa = PBXFileSystemSynchronizedRootGroup;
			exceptions = (
				BD24AF8F2D3F3A7100C03E0A /* Exceptions for "SharedDictionary" folder in "SharedDictionary" target */,
			);
			path = SharedDictionary;
			sourceTree = "<group>";
		};
		BD24AF872D3F3A7100C03E0A /* SharedDictionaryTests */ = {
			isa = PBXFileSystemSynchronizedRootGroup;
			path = SharedDictionaryTests;
			sourceTree = "<group>";
		};
		BD543A5D2D35B03F00A4E217 /* serbDictionary */ = {
			isa = PBXFileSystemSynchronizedRootGroup;
			exceptions = (
				BD24AFAA2D3F405F00C03E0A /* Exceptions for "serbDictionary" folder in "SharedDictionary" target */,
			);
			path = serbDictionary;
			sourceTree = "<group>";
		};
		BD543A6E2D35B04200A4E217 /* serbDictionaryTests */ = {
			isa = PBXFileSystemSynchronizedRootGroup;
			path = serbDictionaryTests;
			sourceTree = "<group>";
		};
		BD543A782D35B04200A4E217 /* serbDictionaryUITests */ = {
			isa = PBXFileSystemSynchronizedRootGroup;
			path = serbDictionaryUITests;
			sourceTree = "<group>";
		};
/* End PBXFileSystemSynchronizedRootGroup section */

/* Begin PBXFrameworksBuildPhase section */
		BD24AF562D3F3A2300C03E0A /* Frameworks */ = {
			isa = PBXFrameworksBuildPhase;
			buildActionMask = 2147483647;
			files = (
				BD24AFA82D3F3F8D00C03E0A /* SQLite in Frameworks */,
				BD24AF5E2D3F3A2300C03E0A /* SwiftUI.framework in Frameworks */,
				BD24AFA22D3F3EED00C03E0A /* SharedDictionary.framework in Frameworks */,
				BD24AF5C2D3F3A2300C03E0A /* WidgetKit.framework in Frameworks */,
			);
			runOnlyForDeploymentPostprocessing = 0;
		};
		BD24AF752D3F3A7000C03E0A /* Frameworks */ = {
			isa = PBXFrameworksBuildPhase;
			buildActionMask = 2147483647;
			files = (
			);
			runOnlyForDeploymentPostprocessing = 0;
		};
		BD24AF7E2D3F3A7100C03E0A /* Frameworks */ = {
			isa = PBXFrameworksBuildPhase;
			buildActionMask = 2147483647;
			files = (
				BD24AF822D3F3A7100C03E0A /* SharedDictionary.framework in Frameworks */,
			);
			runOnlyForDeploymentPostprocessing = 0;
		};
		BD543A582D35B03F00A4E217 /* Frameworks */ = {
			isa = PBXFrameworksBuildPhase;
			buildActionMask = 2147483647;
			files = (
				BD24AF542D3F1EF100C03E0A /* SQLite in Frameworks */,
				BD24AF8D2D3F3A7100C03E0A /* SharedDictionary.framework in Frameworks */,
			);
			runOnlyForDeploymentPostprocessing = 0;
		};
		BD543A682D35B04200A4E217 /* Frameworks */ = {
			isa = PBXFrameworksBuildPhase;
			buildActionMask = 2147483647;
			files = (
			);
			runOnlyForDeploymentPostprocessing = 0;
		};
		BD543A722D35B04200A4E217 /* Frameworks */ = {
			isa = PBXFrameworksBuildPhase;
			buildActionMask = 2147483647;
			files = (
			);
			runOnlyForDeploymentPostprocessing = 0;
		};
/* End PBXFrameworksBuildPhase section */

/* Begin PBXGroup section */
		BD24AF5A2D3F3A2300C03E0A /* Frameworks */ = {
			isa = PBXGroup;
			children = (
				BD24AF5B2D3F3A2300C03E0A /* WidgetKit.framework */,
				BD24AF5D2D3F3A2300C03E0A /* SwiftUI.framework */,
			);
			name = Frameworks;
			sourceTree = "<group>";
		};
		BD543A522D35B03F00A4E217 = {
			isa = PBXGroup;
			children = (
				BD24AFAB2D3F41DC00C03E0A /* WordOfTheDay WidgetExtension.entitlements */,
				BD543A5D2D35B03F00A4E217 /* serbDictionary */,
				BD543A6E2D35B04200A4E217 /* serbDictionaryTests */,
				BD543A782D35B04200A4E217 /* serbDictionaryUITests */,
				BD24AF5F2D3F3A2300C03E0A /* WordOfTheDay Widget */,
				BD24AF792D3F3A7000C03E0A /* SharedDictionary */,
				BD24AF872D3F3A7100C03E0A /* SharedDictionaryTests */,
				BD24AF5A2D3F3A2300C03E0A /* Frameworks */,
				BD543A5C2D35B03F00A4E217 /* Products */,
			);
			sourceTree = "<group>";
		};
		BD543A5C2D35B03F00A4E217 /* Products */ = {
			isa = PBXGroup;
			children = (
				BD543A5B2D35B03F00A4E217 /* serbDictionary.app */,
				BD543A6B2D35B04200A4E217 /* serbDictionaryTests.xctest */,
				BD543A752D35B04200A4E217 /* serbDictionaryUITests.xctest */,
				BD24AF592D3F3A2300C03E0A /* WordOfTheDay WidgetExtension.appex */,
				BD24AF782D3F3A7000C03E0A /* SharedDictionary.framework */,
				BD24AF812D3F3A7100C03E0A /* SharedDictionaryTests.xctest */,
			);
			name = Products;
			sourceTree = "<group>";
		};
/* End PBXGroup section */

/* Begin PBXHeadersBuildPhase section */
		BD24AF732D3F3A7000C03E0A /* Headers */ = {
			isa = PBXHeadersBuildPhase;
			buildActionMask = 2147483647;
			files = (
			);
			runOnlyForDeploymentPostprocessing = 0;
		};
/* End PBXHeadersBuildPhase section */

/* Begin PBXNativeTarget section */
		BD24AF582D3F3A2300C03E0A /* WordOfTheDay WidgetExtension */ = {
			isa = PBXNativeTarget;
			buildConfigurationList = BD24AF6F2D3F3A2700C03E0A /* Build configuration list for PBXNativeTarget "WordOfTheDay WidgetExtension" */;
			buildPhases = (
				BD24AF552D3F3A2300C03E0A /* Sources */,
				BD24AF562D3F3A2300C03E0A /* Frameworks */,
				BD24AF572D3F3A2300C03E0A /* Resources */,
				BD24AFA62D3F3EED00C03E0A /* Embed Frameworks */,
			);
			buildRules = (
			);
			dependencies = (
				BD24AFA52D3F3EED00C03E0A /* PBXTargetDependency */,
			);
			fileSystemSynchronizedGroups = (
				BD24AF5F2D3F3A2300C03E0A /* WordOfTheDay Widget */,
			);
			name = "WordOfTheDay WidgetExtension";
			packageProductDependencies = (
				BD24AFA72D3F3F8D00C03E0A /* SQLite */,
			);
			productName = "WordOfTheDay WidgetExtension";
			productReference = BD24AF592D3F3A2300C03E0A /* WordOfTheDay WidgetExtension.appex */;
			productType = "com.apple.product-type.app-extension";
		};
		BD24AF772D3F3A7000C03E0A /* SharedDictionary */ = {
			isa = PBXNativeTarget;
			buildConfigurationList = BD24AF902D3F3A7100C03E0A /* Build configuration list for PBXNativeTarget "SharedDictionary" */;
			buildPhases = (
				BD24AF732D3F3A7000C03E0A /* Headers */,
				BD24AF742D3F3A7000C03E0A /* Sources */,
				BD24AF752D3F3A7000C03E0A /* Frameworks */,
				BD24AF762D3F3A7000C03E0A /* Resources */,
			);
			buildRules = (
			);
			dependencies = (
			);
			fileSystemSynchronizedGroups = (
				BD24AF792D3F3A7000C03E0A /* SharedDictionary */,
			);
			name = SharedDictionary;
			packageProductDependencies = (
			);
			productName = SharedDictionary;
			productReference = BD24AF782D3F3A7000C03E0A /* SharedDictionary.framework */;
			productType = "com.apple.product-type.framework";
		};
		BD24AF802D3F3A7100C03E0A /* SharedDictionaryTests */ = {
			isa = PBXNativeTarget;
			buildConfigurationList = BD24AF942D3F3A7100C03E0A /* Build configuration list for PBXNativeTarget "SharedDictionaryTests" */;
			buildPhases = (
				BD24AF7D2D3F3A7100C03E0A /* Sources */,
				BD24AF7E2D3F3A7100C03E0A /* Frameworks */,
				BD24AF7F2D3F3A7100C03E0A /* Resources */,
			);
			buildRules = (
			);
			dependencies = (
				BD24AF842D3F3A7100C03E0A /* PBXTargetDependency */,
				BD24AF862D3F3A7100C03E0A /* PBXTargetDependency */,
			);
			fileSystemSynchronizedGroups = (
				BD24AF872D3F3A7100C03E0A /* SharedDictionaryTests */,
			);
			name = SharedDictionaryTests;
			packageProductDependencies = (
			);
			productName = SharedDictionaryTests;
			productReference = BD24AF812D3F3A7100C03E0A /* SharedDictionaryTests.xctest */;
			productType = "com.apple.product-type.bundle.unit-test";
		};
		BD543A5A2D35B03F00A4E217 /* serbDictionary */ = {
			isa = PBXNativeTarget;
			buildConfigurationList = BD543A7F2D35B04200A4E217 /* Build configuration list for PBXNativeTarget "serbDictionary" */;
			buildPhases = (
				BD543A572D35B03F00A4E217 /* Sources */,
				BD543A582D35B03F00A4E217 /* Frameworks */,
				BD543A592D35B03F00A4E217 /* Resources */,
				BD24AF722D3F3A2700C03E0A /* Embed Foundation Extensions */,
				BD24AF932D3F3A7100C03E0A /* Embed Frameworks */,
			);
			buildRules = (
			);
			dependencies = (
				BD24AF6C2D3F3A2700C03E0A /* PBXTargetDependency */,
				BD24AF8C2D3F3A7100C03E0A /* PBXTargetDependency */,
			);
			fileSystemSynchronizedGroups = (
				BD543A5D2D35B03F00A4E217 /* serbDictionary */,
			);
			name = serbDictionary;
			packageProductDependencies = (
				BD24AF532D3F1EF100C03E0A /* SQLite */,
			);
			productName = serbDictionary;
			productReference = BD543A5B2D35B03F00A4E217 /* serbDictionary.app */;
			productType = "com.apple.product-type.application";
		};
		BD543A6A2D35B04200A4E217 /* serbDictionaryTests */ = {
			isa = PBXNativeTarget;
			buildConfigurationList = BD543A822D35B04200A4E217 /* Build configuration list for PBXNativeTarget "serbDictionaryTests" */;
			buildPhases = (
				BD543A672D35B04200A4E217 /* Sources */,
				BD543A682D35B04200A4E217 /* Frameworks */,
				BD543A692D35B04200A4E217 /* Resources */,
			);
			buildRules = (
			);
			dependencies = (
				BD543A6D2D35B04200A4E217 /* PBXTargetDependency */,
			);
			fileSystemSynchronizedGroups = (
				BD543A6E2D35B04200A4E217 /* serbDictionaryTests */,
			);
			name = serbDictionaryTests;
			packageProductDependencies = (
			);
			productName = serbDictionaryTests;
			productReference = BD543A6B2D35B04200A4E217 /* serbDictionaryTests.xctest */;
			productType = "com.apple.product-type.bundle.unit-test";
		};
		BD543A742D35B04200A4E217 /* serbDictionaryUITests */ = {
			isa = PBXNativeTarget;
			buildConfigurationList = BD543A852D35B04200A4E217 /* Build configuration list for PBXNativeTarget "serbDictionaryUITests" */;
			buildPhases = (
				BD543A712D35B04200A4E217 /* Sources */,
				BD543A722D35B04200A4E217 /* Frameworks */,
				BD543A732D35B04200A4E217 /* Resources */,
			);
			buildRules = (
			);
			dependencies = (
				BD543A772D35B04200A4E217 /* PBXTargetDependency */,
			);
			fileSystemSynchronizedGroups = (
				BD543A782D35B04200A4E217 /* serbDictionaryUITests */,
			);
			name = serbDictionaryUITests;
			packageProductDependencies = (
			);
			productName = serbDictionaryUITests;
			productReference = BD543A752D35B04200A4E217 /* serbDictionaryUITests.xctest */;
			productType = "com.apple.product-type.bundle.ui-testing";
		};
/* End PBXNativeTarget section */

/* Begin PBXProject section */
		BD543A532D35B03F00A4E217 /* Project object */ = {
			isa = PBXProject;
			attributes = {
				BuildIndependentTargetsInParallel = 1;
				LastSwiftUpdateCheck = 1620;
				LastUpgradeCheck = 1620;
				TargetAttributes = {
					BD24AF582D3F3A2300C03E0A = {
						CreatedOnToolsVersion = 16.2;
					};
					BD24AF772D3F3A7000C03E0A = {
						CreatedOnToolsVersion = 16.2;
					};
					BD24AF802D3F3A7100C03E0A = {
						CreatedOnToolsVersion = 16.2;
						TestTargetID = BD543A5A2D35B03F00A4E217;
					};
					BD543A5A2D35B03F00A4E217 = {
						CreatedOnToolsVersion = 16.2;
					};
					BD543A6A2D35B04200A4E217 = {
						CreatedOnToolsVersion = 16.2;
						TestTargetID = BD543A5A2D35B03F00A4E217;
					};
					BD543A742D35B04200A4E217 = {
						CreatedOnToolsVersion = 16.2;
						TestTargetID = BD543A5A2D35B03F00A4E217;
					};
				};
			};
			buildConfigurationList = BD543A562D35B03F00A4E217 /* Build configuration list for PBXProject "serbDictionary" */;
			developmentRegion = en;
			hasScannedForEncodings = 0;
			knownRegions = (
				en,
				Base,
			);
			mainGroup = BD543A522D35B03F00A4E217;
			minimizedProjectReferenceProxies = 1;
			packageReferences = (
				BD24AF522D3F1EF100C03E0A /* XCRemoteSwiftPackageReference "SQLite" */,
			);
			preferredProjectObjectVersion = 77;
			productRefGroup = BD543A5C2D35B03F00A4E217 /* Products */;
			projectDirPath = "";
			projectRoot = "";
			targets = (
				BD543A5A2D35B03F00A4E217 /* serbDictionary */,
				BD543A6A2D35B04200A4E217 /* serbDictionaryTests */,
				BD543A742D35B04200A4E217 /* serbDictionaryUITests */,
				BD24AF582D3F3A2300C03E0A /* WordOfTheDay WidgetExtension */,
				BD24AF772D3F3A7000C03E0A /* SharedDictionary */,
				BD24AF802D3F3A7100C03E0A /* SharedDictionaryTests */,
			);
		};
/* End PBXProject section */

/* Begin PBXResourcesBuildPhase section */
		BD24AF572D3F3A2300C03E0A /* Resources */ = {
			isa = PBXResourcesBuildPhase;
			buildActionMask = 2147483647;
			files = (
			);
			runOnlyForDeploymentPostprocessing = 0;
		};
		BD24AF762D3F3A7000C03E0A /* Resources */ = {
			isa = PBXResourcesBuildPhase;
			buildActionMask = 2147483647;
			files = (
			);
			runOnlyForDeploymentPostprocessing = 0;
		};
		BD24AF7F2D3F3A7100C03E0A /* Resources */ = {
			isa = PBXResourcesBuildPhase;
			buildActionMask = 2147483647;
			files = (
			);
			runOnlyForDeploymentPostprocessing = 0;
		};
		BD543A592D35B03F00A4E217 /* Resources */ = {
			isa = PBXResourcesBuildPhase;
			buildActionMask = 2147483647;
			files = (
			);
			runOnlyForDeploymentPostprocessing = 0;
		};
		BD543A692D35B04200A4E217 /* Resources */ = {
			isa = PBXResourcesBuildPhase;
			buildActionMask = 2147483647;
			files = (
			);
			runOnlyForDeploymentPostprocessing = 0;
		};
		BD543A732D35B04200A4E217 /* Resources */ = {
			isa = PBXResourcesBuildPhase;
			buildActionMask = 2147483647;
			files = (
			);
			runOnlyForDeploymentPostprocessing = 0;
		};
/* End PBXResourcesBuildPhase section */

/* Begin PBXSourcesBuildPhase section */
		BD24AF552D3F3A2300C03E0A /* Sources */ = {
			isa = PBXSourcesBuildPhase;
			buildActionMask = 2147483647;
			files = (
			);
			runOnlyForDeploymentPostprocessing = 0;
		};
		BD24AF742D3F3A7000C03E0A /* Sources */ = {
			isa = PBXSourcesBuildPhase;
			buildActionMask = 2147483647;
			files = (
			);
			runOnlyForDeploymentPostprocessing = 0;
		};
		BD24AF7D2D3F3A7100C03E0A /* Sources */ = {
			isa = PBXSourcesBuildPhase;
			buildActionMask = 2147483647;
			files = (
			);
			runOnlyForDeploymentPostprocessing = 0;
		};
		BD543A572D35B03F00A4E217 /* Sources */ = {
			isa = PBXSourcesBuildPhase;
			buildActionMask = 2147483647;
			files = (
			);
			runOnlyForDeploymentPostprocessing = 0;
		};
		BD543A672D35B04200A4E217 /* Sources */ = {
			isa = PBXSourcesBuildPhase;
			buildActionMask = 2147483647;
			files = (
			);
			runOnlyForDeploymentPostprocessing = 0;
		};
		BD543A712D35B04200A4E217 /* Sources */ = {
			isa = PBXSourcesBuildPhase;
			buildActionMask = 2147483647;
			files = (
			);
			runOnlyForDeploymentPostprocessing = 0;
		};
/* End PBXSourcesBuildPhase section */

/* Begin PBXTargetDependency section */
		BD24AF6C2D3F3A2700C03E0A /* PBXTargetDependency */ = {
			isa = PBXTargetDependency;
			target = BD24AF582D3F3A2300C03E0A /* WordOfTheDay WidgetExtension */;
			targetProxy = BD24AF6B2D3F3A2700C03E0A /* PBXContainerItemProxy */;
		};
		BD24AF842D3F3A7100C03E0A /* PBXTargetDependency */ = {
			isa = PBXTargetDependency;
			target = BD24AF772D3F3A7000C03E0A /* SharedDictionary */;
			targetProxy = BD24AF832D3F3A7100C03E0A /* PBXContainerItemProxy */;
		};
		BD24AF862D3F3A7100C03E0A /* PBXTargetDependency */ = {
			isa = PBXTargetDependency;
			target = BD543A5A2D35B03F00A4E217 /* serbDictionary */;
			targetProxy = BD24AF852D3F3A7100C03E0A /* PBXContainerItemProxy */;
		};
		BD24AF8C2D3F3A7100C03E0A /* PBXTargetDependency */ = {
			isa = PBXTargetDependency;
			target = BD24AF772D3F3A7000C03E0A /* SharedDictionary */;
			targetProxy = BD24AF8B2D3F3A7100C03E0A /* PBXContainerItemProxy */;
		};
		BD24AFA52D3F3EED00C03E0A /* PBXTargetDependency */ = {
			isa = PBXTargetDependency;
			target = BD24AF772D3F3A7000C03E0A /* SharedDictionary */;
			targetProxy = BD24AFA42D3F3EED00C03E0A /* PBXContainerItemProxy */;
		};
		BD543A6D2D35B04200A4E217 /* PBXTargetDependency */ = {
			isa = PBXTargetDependency;
			target = BD543A5A2D35B03F00A4E217 /* serbDictionary */;
			targetProxy = BD543A6C2D35B04200A4E217 /* PBXContainerItemProxy */;
		};
		BD543A772D35B04200A4E217 /* PBXTargetDependency */ = {
			isa = PBXTargetDependency;
			target = BD543A5A2D35B03F00A4E217 /* serbDictionary */;
			targetProxy = BD543A762D35B04200A4E217 /* PBXContainerItemProxy */;
		};
/* End PBXTargetDependency section */

/* Begin XCBuildConfiguration section */
		BD24AF702D3F3A2700C03E0A /* Debug */ = {
			isa = XCBuildConfiguration;
			buildSettings = {
				ASSETCATALOG_COMPILER_GLOBAL_ACCENT_COLOR_NAME = AccentColor;
				ASSETCATALOG_COMPILER_WIDGET_BACKGROUND_COLOR_NAME = WidgetBackground;
				CODE_SIGN_ENTITLEMENTS = "WordOfTheDay WidgetExtension.entitlements";
				CODE_SIGN_STYLE = Automatic;
				CURRENT_PROJECT_VERSION = 1;
				DEVELOPMENT_TEAM = TJM87GLTM3;
				GENERATE_INFOPLIST_FILE = YES;
				INFOPLIST_FILE = "WordOfTheDay Widget/Info.plist";
				INFOPLIST_KEY_CFBundleDisplayName = "WordOfTheDay Widget";
				INFOPLIST_KEY_NSHumanReadableCopyright = "";
				LD_RUNPATH_SEARCH_PATHS = (
					"$(inherited)",
					"@executable_path/Frameworks",
					"@executable_path/../../Frameworks",
				);
				MARKETING_VERSION = 1.0;
				NEW_SETTING = "";
				PRODUCT_BUNDLE_IDENTIFIER = "com.Marko.serbDictionary.WordOfTheDay-Widget";
				PRODUCT_NAME = "$(TARGET_NAME)";
				SKIP_INSTALL = YES;
				SWIFT_EMIT_LOC_STRINGS = YES;
				SWIFT_VERSION = 5.0;
				TARGETED_DEVICE_FAMILY = "1,2";
			};
			name = Debug;
		};
		BD24AF712D3F3A2700C03E0A /* Release */ = {
			isa = XCBuildConfiguration;
			buildSettings = {
				ASSETCATALOG_COMPILER_GLOBAL_ACCENT_COLOR_NAME = AccentColor;
				ASSETCATALOG_COMPILER_WIDGET_BACKGROUND_COLOR_NAME = WidgetBackground;
				CODE_SIGN_ENTITLEMENTS = "WordOfTheDay WidgetExtension.entitlements";
				CODE_SIGN_STYLE = Automatic;
				CURRENT_PROJECT_VERSION = 1;
				DEVELOPMENT_TEAM = TJM87GLTM3;
				GENERATE_INFOPLIST_FILE = YES;
				INFOPLIST_FILE = "WordOfTheDay Widget/Info.plist";
				INFOPLIST_KEY_CFBundleDisplayName = "WordOfTheDay Widget";
				INFOPLIST_KEY_NSHumanReadableCopyright = "";
				LD_RUNPATH_SEARCH_PATHS = (
					"$(inherited)",
					"@executable_path/Frameworks",
					"@executable_path/../../Frameworks",
				);
				MARKETING_VERSION = 1.0;
				NEW_SETTING = "";
				PRODUCT_BUNDLE_IDENTIFIER = "com.Marko.serbDictionary.WordOfTheDay-Widget";
				PRODUCT_NAME = "$(TARGET_NAME)";
				SKIP_INSTALL = YES;
				SWIFT_EMIT_LOC_STRINGS = YES;
				SWIFT_VERSION = 5.0;
				TARGETED_DEVICE_FAMILY = "1,2";
			};
			name = Release;
		};
		BD24AF912D3F3A7100C03E0A /* Debug */ = {
			isa = XCBuildConfiguration;
			buildSettings = {
				BUILD_LIBRARY_FOR_DISTRIBUTION = YES;
				CODE_SIGN_STYLE = Automatic;
				CURRENT_PROJECT_VERSION = 1;
				DEFINES_MODULE = YES;
				DEVELOPMENT_TEAM = TJM87GLTM3;
				DYLIB_COMPATIBILITY_VERSION = 1;
				DYLIB_CURRENT_VERSION = 1;
				DYLIB_INSTALL_NAME_BASE = "@rpath";
				ENABLE_MODULE_VERIFIER = YES;
				GENERATE_INFOPLIST_FILE = YES;
				INFOPLIST_KEY_NSHumanReadableCopyright = "";
				INSTALL_PATH = "$(LOCAL_LIBRARY_DIR)/Frameworks";
				LD_RUNPATH_SEARCH_PATHS = (
					"$(inherited)",
					"@executable_path/Frameworks",
					"@loader_path/Frameworks",
				);
				MARKETING_VERSION = 1.0;
				MODULE_VERIFIER_SUPPORTED_LANGUAGES = "objective-c objective-c++";
				MODULE_VERIFIER_SUPPORTED_LANGUAGE_STANDARDS = "gnu17 gnu++20";
				PRODUCT_BUNDLE_IDENTIFIER = com.Marko.serbDictionary.SharedDictionary;
				PRODUCT_NAME = "$(TARGET_NAME:c99extidentifier)";
				SKIP_INSTALL = YES;
				SWIFT_EMIT_LOC_STRINGS = YES;
				SWIFT_INSTALL_OBJC_HEADER = NO;
				SWIFT_VERSION = 5.0;
				TARGETED_DEVICE_FAMILY = "1,2";
				VERSIONING_SYSTEM = "apple-generic";
				VERSION_INFO_PREFIX = "";
			};
			name = Debug;
		};
		BD24AF922D3F3A7100C03E0A /* Release */ = {
			isa = XCBuildConfiguration;
			buildSettings = {
				BUILD_LIBRARY_FOR_DISTRIBUTION = YES;
				CODE_SIGN_STYLE = Automatic;
				CURRENT_PROJECT_VERSION = 1;
				DEFINES_MODULE = YES;
				DEVELOPMENT_TEAM = TJM87GLTM3;
				DYLIB_COMPATIBILITY_VERSION = 1;
				DYLIB_CURRENT_VERSION = 1;
				DYLIB_INSTALL_NAME_BASE = "@rpath";
				ENABLE_MODULE_VERIFIER = YES;
				GENERATE_INFOPLIST_FILE = YES;
				INFOPLIST_KEY_NSHumanReadableCopyright = "";
				INSTALL_PATH = "$(LOCAL_LIBRARY_DIR)/Frameworks";
				LD_RUNPATH_SEARCH_PATHS = (
					"$(inherited)",
					"@executable_path/Frameworks",
					"@loader_path/Frameworks",
				);
				MARKETING_VERSION = 1.0;
				MODULE_VERIFIER_SUPPORTED_LANGUAGES = "objective-c objective-c++";
				MODULE_VERIFIER_SUPPORTED_LANGUAGE_STANDARDS = "gnu17 gnu++20";
				PRODUCT_BUNDLE_IDENTIFIER = com.Marko.serbDictionary.SharedDictionary;
				PRODUCT_NAME = "$(TARGET_NAME:c99extidentifier)";
				SKIP_INSTALL = YES;
				SWIFT_EMIT_LOC_STRINGS = YES;
				SWIFT_INSTALL_OBJC_HEADER = NO;
				SWIFT_VERSION = 5.0;
				TARGETED_DEVICE_FAMILY = "1,2";
				VERSIONING_SYSTEM = "apple-generic";
				VERSION_INFO_PREFIX = "";
			};
			name = Release;
		};
		BD24AF952D3F3A7100C03E0A /* Debug */ = {
			isa = XCBuildConfiguration;
			buildSettings = {
				CODE_SIGN_STYLE = Automatic;
				CURRENT_PROJECT_VERSION = 1;
				DEVELOPMENT_TEAM = TJM87GLTM3;
				GENERATE_INFOPLIST_FILE = YES;
				MARKETING_VERSION = 1.0;
				PRODUCT_BUNDLE_IDENTIFIER = com.Marko.serbDictionary.SharedDictionaryTests;
				PRODUCT_NAME = "$(TARGET_NAME)";
				SWIFT_EMIT_LOC_STRINGS = NO;
				SWIFT_VERSION = 5.0;
				TARGETED_DEVICE_FAMILY = "1,2";
				TEST_HOST = "$(BUILT_PRODUCTS_DIR)/serbDictionary.app/$(BUNDLE_EXECUTABLE_FOLDER_PATH)/serbDictionary";
			};
			name = Debug;
		};
		BD24AF962D3F3A7100C03E0A /* Release */ = {
			isa = XCBuildConfiguration;
			buildSettings = {
				CODE_SIGN_STYLE = Automatic;
				CURRENT_PROJECT_VERSION = 1;
				DEVELOPMENT_TEAM = TJM87GLTM3;
				GENERATE_INFOPLIST_FILE = YES;
				MARKETING_VERSION = 1.0;
				PRODUCT_BUNDLE_IDENTIFIER = com.Marko.serbDictionary.SharedDictionaryTests;
				PRODUCT_NAME = "$(TARGET_NAME)";
				SWIFT_EMIT_LOC_STRINGS = NO;
				SWIFT_VERSION = 5.0;
				TARGETED_DEVICE_FAMILY = "1,2";
				TEST_HOST = "$(BUILT_PRODUCTS_DIR)/serbDictionary.app/$(BUNDLE_EXECUTABLE_FOLDER_PATH)/serbDictionary";
			};
			name = Release;
		};
		BD543A7D2D35B04200A4E217 /* Debug */ = {
			isa = XCBuildConfiguration;
			buildSettings = {
				ALWAYS_SEARCH_USER_PATHS = NO;
				ASSETCATALOG_COMPILER_GENERATE_SWIFT_ASSET_SYMBOL_EXTENSIONS = YES;
				CLANG_ANALYZER_NONNULL = YES;
				CLANG_ANALYZER_NUMBER_OBJECT_CONVERSION = YES_AGGRESSIVE;
				CLANG_CXX_LANGUAGE_STANDARD = "gnu++20";
				CLANG_ENABLE_MODULES = YES;
				CLANG_ENABLE_OBJC_ARC = YES;
				CLANG_ENABLE_OBJC_WEAK = YES;
				CLANG_WARN_BLOCK_CAPTURE_AUTORELEASING = YES;
				CLANG_WARN_BOOL_CONVERSION = YES;
				CLANG_WARN_COMMA = YES;
				CLANG_WARN_CONSTANT_CONVERSION = YES;
				CLANG_WARN_DEPRECATED_OBJC_IMPLEMENTATIONS = YES;
				CLANG_WARN_DIRECT_OBJC_ISA_USAGE = YES_ERROR;
				CLANG_WARN_DOCUMENTATION_COMMENTS = YES;
				CLANG_WARN_EMPTY_BODY = YES;
				CLANG_WARN_ENUM_CONVERSION = YES;
				CLANG_WARN_INFINITE_RECURSION = YES;
				CLANG_WARN_INT_CONVERSION = YES;
				CLANG_WARN_NON_LITERAL_NULL_CONVERSION = YES;
				CLANG_WARN_OBJC_IMPLICIT_RETAIN_SELF = YES;
				CLANG_WARN_OBJC_LITERAL_CONVERSION = YES;
				CLANG_WARN_OBJC_ROOT_CLASS = YES_ERROR;
				CLANG_WARN_QUOTED_INCLUDE_IN_FRAMEWORK_HEADER = YES;
				CLANG_WARN_RANGE_LOOP_ANALYSIS = YES;
				CLANG_WARN_STRICT_PROTOTYPES = YES;
				CLANG_WARN_SUSPICIOUS_MOVE = YES;
				CLANG_WARN_UNGUARDED_AVAILABILITY = YES_AGGRESSIVE;
				CLANG_WARN_UNREACHABLE_CODE = YES;
				CLANG_WARN__DUPLICATE_METHOD_MATCH = YES;
				COPY_PHASE_STRIP = NO;
				DEBUG_INFORMATION_FORMAT = dwarf;
				ENABLE_STRICT_OBJC_MSGSEND = YES;
				ENABLE_TESTABILITY = YES;
				ENABLE_USER_SCRIPT_SANDBOXING = YES;
				GCC_C_LANGUAGE_STANDARD = gnu17;
				GCC_DYNAMIC_NO_PIC = NO;
				GCC_NO_COMMON_BLOCKS = YES;
				GCC_OPTIMIZATION_LEVEL = 0;
				GCC_PREPROCESSOR_DEFINITIONS = (
					"DEBUG=1",
					"$(inherited)",
				);
				GCC_WARN_64_TO_32_BIT_CONVERSION = YES;
				GCC_WARN_ABOUT_RETURN_TYPE = YES_ERROR;
				GCC_WARN_UNDECLARED_SELECTOR = YES;
				GCC_WARN_UNINITIALIZED_AUTOS = YES_AGGRESSIVE;
				GCC_WARN_UNUSED_FUNCTION = YES;
				GCC_WARN_UNUSED_VARIABLE = YES;
				IPHONEOS_DEPLOYMENT_TARGET = 18.2;
				LOCALIZATION_PREFERS_STRING_CATALOGS = YES;
				MTL_ENABLE_DEBUG_INFO = INCLUDE_SOURCE;
				MTL_FAST_MATH = YES;
				ONLY_ACTIVE_ARCH = YES;
				SDKROOT = iphoneos;
				SWIFT_ACTIVE_COMPILATION_CONDITIONS = "DEBUG $(inherited)";
				SWIFT_OPTIMIZATION_LEVEL = "-Onone";
			};
			name = Debug;
		};
		BD543A7E2D35B04200A4E217 /* Release */ = {
			isa = XCBuildConfiguration;
			buildSettings = {
				ALWAYS_SEARCH_USER_PATHS = NO;
				ASSETCATALOG_COMPILER_GENERATE_SWIFT_ASSET_SYMBOL_EXTENSIONS = YES;
				CLANG_ANALYZER_NONNULL = YES;
				CLANG_ANALYZER_NUMBER_OBJECT_CONVERSION = YES_AGGRESSIVE;
				CLANG_CXX_LANGUAGE_STANDARD = "gnu++20";
				CLANG_ENABLE_MODULES = YES;
				CLANG_ENABLE_OBJC_ARC = YES;
				CLANG_ENABLE_OBJC_WEAK = YES;
				CLANG_WARN_BLOCK_CAPTURE_AUTORELEASING = YES;
				CLANG_WARN_BOOL_CONVERSION = YES;
				CLANG_WARN_COMMA = YES;
				CLANG_WARN_CONSTANT_CONVERSION = YES;
				CLANG_WARN_DEPRECATED_OBJC_IMPLEMENTATIONS = YES;
				CLANG_WARN_DIRECT_OBJC_ISA_USAGE = YES_ERROR;
				CLANG_WARN_DOCUMENTATION_COMMENTS = YES;
				CLANG_WARN_EMPTY_BODY = YES;
				CLANG_WARN_ENUM_CONVERSION = YES;
				CLANG_WARN_INFINITE_RECURSION = YES;
				CLANG_WARN_INT_CONVERSION = YES;
				CLANG_WARN_NON_LITERAL_NULL_CONVERSION = YES;
				CLANG_WARN_OBJC_IMPLICIT_RETAIN_SELF = YES;
				CLANG_WARN_OBJC_LITERAL_CONVERSION = YES;
				CLANG_WARN_OBJC_ROOT_CLASS = YES_ERROR;
				CLANG_WARN_QUOTED_INCLUDE_IN_FRAMEWORK_HEADER = YES;
				CLANG_WARN_RANGE_LOOP_ANALYSIS = YES;
				CLANG_WARN_STRICT_PROTOTYPES = YES;
				CLANG_WARN_SUSPICIOUS_MOVE = YES;
				CLANG_WARN_UNGUARDED_AVAILABILITY = YES_AGGRESSIVE;
				CLANG_WARN_UNREACHABLE_CODE = YES;
				CLANG_WARN__DUPLICATE_METHOD_MATCH = YES;
				COPY_PHASE_STRIP = NO;
				DEBUG_INFORMATION_FORMAT = "dwarf-with-dsym";
				ENABLE_NS_ASSERTIONS = NO;
				ENABLE_STRICT_OBJC_MSGSEND = YES;
				ENABLE_USER_SCRIPT_SANDBOXING = YES;
				GCC_C_LANGUAGE_STANDARD = gnu17;
				GCC_NO_COMMON_BLOCKS = YES;
				GCC_WARN_64_TO_32_BIT_CONVERSION = YES;
				GCC_WARN_ABOUT_RETURN_TYPE = YES_ERROR;
				GCC_WARN_UNDECLARED_SELECTOR = YES;
				GCC_WARN_UNINITIALIZED_AUTOS = YES_AGGRESSIVE;
				GCC_WARN_UNUSED_FUNCTION = YES;
				GCC_WARN_UNUSED_VARIABLE = YES;
				IPHONEOS_DEPLOYMENT_TARGET = 18.2;
				LOCALIZATION_PREFERS_STRING_CATALOGS = YES;
				MTL_ENABLE_DEBUG_INFO = NO;
				MTL_FAST_MATH = YES;
				SDKROOT = iphoneos;
				SWIFT_COMPILATION_MODE = wholemodule;
				VALIDATE_PRODUCT = YES;
			};
			name = Release;
		};
		BD543A802D35B04200A4E217 /* Debug */ = {
			isa = XCBuildConfiguration;
			buildSettings = {
				ASSETCATALOG_COMPILER_APPICON_NAME = AppIcon;
				ASSETCATALOG_COMPILER_GLOBAL_ACCENT_COLOR_NAME = AccentColor;
				CODE_SIGN_ENTITLEMENTS = serbDictionary/serbDictionary.entitlements;
				CODE_SIGN_STYLE = Automatic;
				CURRENT_PROJECT_VERSION = 1;
				DEVELOPMENT_ASSET_PATHS = "\"serbDictionary/Preview Content\"";
				DEVELOPMENT_TEAM = TJM87GLTM3;
				ENABLE_PREVIEWS = YES;
				GENERATE_INFOPLIST_FILE = YES;
				INFOPLIST_KEY_UIApplicationSceneManifest_Generation = YES;
				INFOPLIST_KEY_UIApplicationSupportsIndirectInputEvents = YES;
				INFOPLIST_KEY_UILaunchScreen_Generation = YES;
				INFOPLIST_KEY_UISupportedInterfaceOrientations_iPad = "UIInterfaceOrientationPortrait UIInterfaceOrientationPortraitUpsideDown UIInterfaceOrientationLandscapeLeft UIInterfaceOrientationLandscapeRight";
				INFOPLIST_KEY_UISupportedInterfaceOrientations_iPhone = UIInterfaceOrientationPortrait;
				LD_RUNPATH_SEARCH_PATHS = (
					"$(inherited)",
					"@executable_path/Frameworks",
				);
				MARKETING_VERSION = 1.0;
				NEW_SETTING = "";
				PRODUCT_BUNDLE_IDENTIFIER = com.Marko.serbDictionary;
				PRODUCT_NAME = "$(TARGET_NAME)";
				SWIFT_EMIT_LOC_STRINGS = YES;
				SWIFT_VERSION = 5.0;
				TARGETED_DEVICE_FAMILY = "1,2";
			};
			name = Debug;
		};
		BD543A812D35B04200A4E217 /* Release */ = {
			isa = XCBuildConfiguration;
			buildSettings = {
				ASSETCATALOG_COMPILER_APPICON_NAME = AppIcon;
				ASSETCATALOG_COMPILER_GLOBAL_ACCENT_COLOR_NAME = AccentColor;
				CODE_SIGN_ENTITLEMENTS = serbDictionary/serbDictionary.entitlements;
				CODE_SIGN_STYLE = Automatic;
				CURRENT_PROJECT_VERSION = 1;
				DEVELOPMENT_ASSET_PATHS = "\"serbDictionary/Preview Content\"";
				DEVELOPMENT_TEAM = TJM87GLTM3;
				ENABLE_PREVIEWS = YES;
				GENERATE_INFOPLIST_FILE = YES;
				INFOPLIST_KEY_UIApplicationSceneManifest_Generation = YES;
				INFOPLIST_KEY_UIApplicationSupportsIndirectInputEvents = YES;
				INFOPLIST_KEY_UILaunchScreen_Generation = YES;
				INFOPLIST_KEY_UISupportedInterfaceOrientations_iPad = "UIInterfaceOrientationPortrait UIInterfaceOrientationPortraitUpsideDown UIInterfaceOrientationLandscapeLeft UIInterfaceOrientationLandscapeRight";
				INFOPLIST_KEY_UISupportedInterfaceOrientations_iPhone = UIInterfaceOrientationPortrait;
				LD_RUNPATH_SEARCH_PATHS = (
					"$(inherited)",
					"@executable_path/Frameworks",
				);
				MARKETING_VERSION = 1.0;
				NEW_SETTING = "";
				PRODUCT_BUNDLE_IDENTIFIER = com.Marko.serbDictionary;
				PRODUCT_NAME = "$(TARGET_NAME)";
				SWIFT_EMIT_LOC_STRINGS = YES;
				SWIFT_VERSION = 5.0;
				TARGETED_DEVICE_FAMILY = "1,2";
			};
			name = Release;
		};
		BD543A832D35B04200A4E217 /* Debug */ = {
			isa = XCBuildConfiguration;
			buildSettings = {
				BUNDLE_LOADER = "$(TEST_HOST)";
				CODE_SIGN_STYLE = Automatic;
				CURRENT_PROJECT_VERSION = 1;
				DEVELOPMENT_TEAM = TJM87GLTM3;
				GENERATE_INFOPLIST_FILE = YES;
				IPHONEOS_DEPLOYMENT_TARGET = 18.2;
				MARKETING_VERSION = 1.0;
				PRODUCT_BUNDLE_IDENTIFIER = com.Marko.serbDictionaryTests;
				PRODUCT_NAME = "$(TARGET_NAME)";
				SWIFT_EMIT_LOC_STRINGS = NO;
				SWIFT_VERSION = 5.0;
				TARGETED_DEVICE_FAMILY = "1,2";
				TEST_HOST = "$(BUILT_PRODUCTS_DIR)/serbDictionary.app/$(BUNDLE_EXECUTABLE_FOLDER_PATH)/serbDictionary";
			};
			name = Debug;
		};
		BD543A842D35B04200A4E217 /* Release */ = {
			isa = XCBuildConfiguration;
			buildSettings = {
				BUNDLE_LOADER = "$(TEST_HOST)";
				CODE_SIGN_STYLE = Automatic;
				CURRENT_PROJECT_VERSION = 1;
				DEVELOPMENT_TEAM = TJM87GLTM3;
				GENERATE_INFOPLIST_FILE = YES;
				IPHONEOS_DEPLOYMENT_TARGET = 18.2;
				MARKETING_VERSION = 1.0;
				PRODUCT_BUNDLE_IDENTIFIER = com.Marko.serbDictionaryTests;
				PRODUCT_NAME = "$(TARGET_NAME)";
				SWIFT_EMIT_LOC_STRINGS = NO;
				SWIFT_VERSION = 5.0;
				TARGETED_DEVICE_FAMILY = "1,2";
				TEST_HOST = "$(BUILT_PRODUCTS_DIR)/serbDictionary.app/$(BUNDLE_EXECUTABLE_FOLDER_PATH)/serbDictionary";
			};
			name = Release;
		};
		BD543A862D35B04200A4E217 /* Debug */ = {
			isa = XCBuildConfiguration;
			buildSettings = {
				CODE_SIGN_STYLE = Automatic;
				CURRENT_PROJECT_VERSION = 1;
				DEVELOPMENT_TEAM = TJM87GLTM3;
				GENERATE_INFOPLIST_FILE = YES;
				MARKETING_VERSION = 1.0;
				PRODUCT_BUNDLE_IDENTIFIER = com.Marko.serbDictionaryUITests;
				PRODUCT_NAME = "$(TARGET_NAME)";
				SWIFT_EMIT_LOC_STRINGS = NO;
				SWIFT_VERSION = 5.0;
				TARGETED_DEVICE_FAMILY = "1,2";
				TEST_TARGET_NAME = serbDictionary;
			};
			name = Debug;
		};
		BD543A872D35B04200A4E217 /* Release */ = {
			isa = XCBuildConfiguration;
			buildSettings = {
				CODE_SIGN_STYLE = Automatic;
				CURRENT_PROJECT_VERSION = 1;
				DEVELOPMENT_TEAM = TJM87GLTM3;
				GENERATE_INFOPLIST_FILE = YES;
				MARKETING_VERSION = 1.0;
				PRODUCT_BUNDLE_IDENTIFIER = com.Marko.serbDictionaryUITests;
				PRODUCT_NAME = "$(TARGET_NAME)";
				SWIFT_EMIT_LOC_STRINGS = NO;
				SWIFT_VERSION = 5.0;
				TARGETED_DEVICE_FAMILY = "1,2";
				TEST_TARGET_NAME = serbDictionary;
			};
			name = Release;
		};
/* End XCBuildConfiguration section */

/* Begin XCConfigurationList section */
		BD24AF6F2D3F3A2700C03E0A /* Build configuration list for PBXNativeTarget "WordOfTheDay WidgetExtension" */ = {
			isa = XCConfigurationList;
			buildConfigurations = (
				BD24AF702D3F3A2700C03E0A /* Debug */,
				BD24AF712D3F3A2700C03E0A /* Release */,
			);
			defaultConfigurationIsVisible = 0;
			defaultConfigurationName = Release;
		};
		BD24AF902D3F3A7100C03E0A /* Build configuration list for PBXNativeTarget "SharedDictionary" */ = {
			isa = XCConfigurationList;
			buildConfigurations = (
				BD24AF912D3F3A7100C03E0A /* Debug */,
				BD24AF922D3F3A7100C03E0A /* Release */,
			);
			defaultConfigurationIsVisible = 0;
			defaultConfigurationName = Release;
		};
		BD24AF942D3F3A7100C03E0A /* Build configuration list for PBXNativeTarget "SharedDictionaryTests" */ = {
			isa = XCConfigurationList;
			buildConfigurations = (
				BD24AF952D3F3A7100C03E0A /* Debug */,
				BD24AF962D3F3A7100C03E0A /* Release */,
			);
			defaultConfigurationIsVisible = 0;
			defaultConfigurationName = Release;
		};
		BD543A562D35B03F00A4E217 /* Build configuration list for PBXProject "serbDictionary" */ = {
			isa = XCConfigurationList;
			buildConfigurations = (
				BD543A7D2D35B04200A4E217 /* Debug */,
				BD543A7E2D35B04200A4E217 /* Release */,
			);
			defaultConfigurationIsVisible = 0;
			defaultConfigurationName = Release;
		};
		BD543A7F2D35B04200A4E217 /* Build configuration list for PBXNativeTarget "serbDictionary" */ = {
			isa = XCConfigurationList;
			buildConfigurations = (
				BD543A802D35B04200A4E217 /* Debug */,
				BD543A812D35B04200A4E217 /* Release */,
			);
			defaultConfigurationIsVisible = 0;
			defaultConfigurationName = Release;
		};
		BD543A822D35B04200A4E217 /* Build configuration list for PBXNativeTarget "serbDictionaryTests" */ = {
			isa = XCConfigurationList;
			buildConfigurations = (
				BD543A832D35B04200A4E217 /* Debug */,
				BD543A842D35B04200A4E217 /* Release */,
			);
			defaultConfigurationIsVisible = 0;
			defaultConfigurationName = Release;
		};
		BD543A852D35B04200A4E217 /* Build configuration list for PBXNativeTarget "serbDictionaryUITests" */ = {
			isa = XCConfigurationList;
			buildConfigurations = (
				BD543A862D35B04200A4E217 /* Debug */,
				BD543A872D35B04200A4E217 /* Release */,
			);
			defaultConfigurationIsVisible = 0;
			defaultConfigurationName = Release;
		};
/* End XCConfigurationList section */

/* Begin XCRemoteSwiftPackageReference section */
		BD24AF522D3F1EF100C03E0A /* XCRemoteSwiftPackageReference "SQLite" */ = {
			isa = XCRemoteSwiftPackageReference;
			repositoryURL = "https://github.com/stephencelis/SQLite.swift";
			requirement = {
				kind = upToNextMajorVersion;
				minimumVersion = 0.15.3;
			};
		};
/* End XCRemoteSwiftPackageReference section */

/* Begin XCSwiftPackageProductDependency section */
		BD24AF532D3F1EF100C03E0A /* SQLite */ = {
			isa = XCSwiftPackageProductDependency;
			package = BD24AF522D3F1EF100C03E0A /* XCRemoteSwiftPackageReference "SQLite" */;
			productName = SQLite;
		};
		BD24AFA72D3F3F8D00C03E0A /* SQLite */ = {
			isa = XCSwiftPackageProductDependency;
			package = BD24AF522D3F1EF100C03E0A /* XCRemoteSwiftPackageReference "SQLite" */;
			productName = SQLite;
		};
/* End XCSwiftPackageProductDependency section */
	};
	rootObject = BD543A532D35B03F00A4E217 /* Project object */;
}
